
Microsoft Visual Studio Solution File, Format Version 12.00
# Visual Studio Version 16
VisualStudioVersion = 16.0.33328.57
MinimumVisualStudioVersion = 10.0.40219.1
Project("{FAE04EC0-301F-11D3-BF4B-00C04F79EFBC}") = "tpmod4_1302210128", "tpmod4_1302210128\tpmod4_1302210128.csproj", "{BBDB1767-05AD-4C3F-BE19-566A91A10FD0}"
EndProject
Global
	GlobalSection(SolutionConfigurationPlatforms) = preSolution
		Debug|Any CPU = Debug|Any CPU
		Release|Any CPU = Release|Any CPU
	EndGlobalSection
	GlobalSection(ProjectConfigurationPlatforms) = postSolution
		{BBDB1767-05AD-4C3F-BE19-566A91A10FD0}.Debug|Any CPU.ActiveCfg = Debug|Any CPU
		{BBDB1767-05AD-4C3F-BE19-566A91A10FD0}.Debug|Any CPU.Build.0 = Debug|Any CPU
		{BBDB1767-05AD-4C3F-BE19-566A91A10FD0}.Release|Any CPU.ActiveCfg = Release|Any CPU
		{BBDB1767-05AD-4C3F-BE19-566A91A10FD0}.Release|Any CPU.Build.0 = Release|Any CPU
	EndGlobalSection
	GlobalSection(SolutionProperties) = preSolution
		HideSolutionNode = FALSE
	EndGlobalSection
	GlobalSection(ExtensibilityGlobals) = postSolution
		SolutionGuid = {2843D500-BE3B-41F5-BC1B-97AFD90612A3}
	EndGlobalSection
EndGlobal
